{
  "name": "officeparser",
  "version": "5.2.0",
  "lockfileVersion": 2,
  "requires": true,
  "packages": {
    "": {
      "name": "officeparser",
      "version": "5.2.0",
      "license": "MIT",
      "dependencies": {
        "@xmldom/xmldom": "^0.8.10",
        "concat-stream": "^2.0.0",
        "file-type": "^16.5.4",
        "node-ensure": "^0.0.0",
        "pdfjs-dist": "^5.3.31",
        "yauzl": "^3.1.3"
      },
      "bin": {
        "officeparser": "officeParser.js"
      },
      "devDependencies": {
        "@types/concat-stream": "^2.0.3",
        "@types/node": "^18.16.1",
        "@types/xmldom": "^0.1.33",
        "@types/yauzl": "^2.10.3",
        "typescript": "^5.0.3"
      }
    },
    "node_modules/@napi-rs/canvas": {
      "version": "0.1.70",
      "resolved": "https://registry.npmjs.org/@napi-rs/canvas/-/canvas-0.1.70.tgz",
      "integrity": "sha512-nD6NGa4JbNYSZYsTnLGrqe9Kn/lCkA4ybXt8sx5ojDqZjr2i0TWAHxx/vhgfjX+i3hCdKWufxYwi7CfXqtITSA==",
      "license": "MIT",
      "optional": true,
      "engines": {
        "node": ">= 10"
      },
      "optionalDependencies": {
        "@napi-rs/canvas-android-arm64": "0.1.70",
        "@napi-rs/canvas-darwin-arm64": "0.1.70",
        "@napi-rs/canvas-darwin-x64": "0.1.70",
        "@napi-rs/canvas-linux-arm-gnueabihf": "0.1.70",
        "@napi-rs/canvas-linux-arm64-gnu": "0.1.70",
        "@napi-rs/canvas-linux-arm64-musl": "0.1.70",
        "@napi-rs/canvas-linux-riscv64-gnu": "0.1.70",
        "@napi-rs/canvas-linux-x64-gnu": "0.1.70",
        "@napi-rs/canvas-linux-x64-musl": "0.1.70",
        "@napi-rs/canvas-win32-x64-msvc": "0.1.70"
      }
    },
    "node_modules/@napi-rs/canvas-android-arm64": {
      "version": "0.1.70",
      "resolved": "https://registry.npmjs.org/@napi-rs/canvas-android-arm64/-/canvas-android-arm64-0.1.70.tgz",
      "integrity": "sha512-I/YOuQ0wbkVYxVaYtCgN42WKTYxNqFA0gTcTrHIGG1jfpDSyZWII/uHcjOo4nzd19io6Y4+/BqP8E5hJgf9OmQ==",
      "cpu": [
        "arm64"
      ],
      "license": "MIT",
      "optional": true,
      "os": [
        "android"
      ],
      "engines": {
        "node": ">= 10"
      }
    },
    "node_modules/@napi-rs/canvas-darwin-arm64": {
      "version": "0.1.70",
      "resolved": "https://registry.npmjs.org/@napi-rs/canvas-darwin-arm64/-/canvas-darwin-arm64-0.1.70.tgz",
      "integrity": "sha512-4pPGyXetHIHkw2TOJHujt3mkCP8LdDu8+CT15ld9Id39c752RcI0amDHSuMLMQfAjvusA9B5kKxazwjMGjEJpQ==",
      "cpu": [
        "arm64"
      ],
      "license": "MIT",
      "optional": true,
      "os": [
        "darwin"
      ],
      "engines": {
        "node": ">= 10"
      }
    },
    "node_modules/@napi-rs/canvas-darwin-x64": {
      "version": "0.1.70",
      "resolved": "https://registry.npmjs.org/@napi-rs/canvas-darwin-x64/-/canvas-darwin-x64-0.1.70.tgz",
      "integrity": "sha512-+2N6Os9LbkmDMHL+raknrUcLQhsXzc5CSXRbXws9C3pv/mjHRVszQ9dhFUUe9FjfPhCJznO6USVdwOtu7pOrzQ==",
      "cpu": [
        "x64"
      ],
      "license": "MIT",
      "optional": true,
      "os": [
        "darwin"
      ],
      "engines": {
        "node": ">= 10"
      }
    },
    "node_modules/@napi-rs/canvas-linux-arm-gnueabihf": {
      "version": "0.1.70",
      "resolved": "https://registry.npmjs.org/@napi-rs/canvas-linux-arm-gnueabihf/-/canvas-linux-arm-gnueabihf-0.1.70.tgz",
      "integrity": "sha512-QjscX9OaKq/990sVhSMj581xuqLgiaPVMjjYvWaCmAJRkNQ004QfoSMEm3FoTqM4DRoquP8jvuEXScVJsc1rqQ==",
      "cpu": [
        "arm"
      ],
      "license": "MIT",
      "optional": true,
      "os": [
        "linux"
      ],
      "engines": {
        "node": ">= 10"
      }
    },
    "node_modules/@napi-rs/canvas-linux-arm64-gnu": {
      "version": "0.1.70",
      "resolved": "https://registry.npmjs.org/@napi-rs/canvas-linux-arm64-gnu/-/canvas-linux-arm64-gnu-0.1.70.tgz",
      "integrity": "sha512-LNakMOwwqwiHIwMpnMAbFRczQMQ7TkkMyATqFCOtUJNlE6LPP/QiUj/mlFrNbUn/hctqShJ60gWEb52ZTALbVw==",
      "cpu": [
        "arm64"
      ],
      "license": "MIT",
      "optional": true,
      "os": [
        "linux"
      ],
      "engines": {
        "node": ">= 10"
      }
    },
    "node_modules/@napi-rs/canvas-linux-arm64-musl": {
      "version": "0.1.70",
      "resolved": "https://registry.npmjs.org/@napi-rs/canvas-linux-arm64-musl/-/canvas-linux-arm64-musl-0.1.70.tgz",
      "integrity": "sha512-wBTOllEYNfJCHOdZj9v8gLzZ4oY3oyPX8MSRvaxPm/s7RfEXxCyZ8OhJ5xAyicsDdbE5YBZqdmaaeP5+xKxvtg==",
      "cpu": [
        "arm64"
      ],
      "license": "MIT",
      "optional": true,
      "os": [
        "linux"
      ],
      "engines": {
        "node": ">= 10"
      }
    },
    "node_modules/@napi-rs/canvas-linux-riscv64-gnu": {
      "version": "0.1.70",
      "resolved": "https://registry.npmjs.org/@napi-rs/canvas-linux-riscv64-gnu/-/canvas-linux-riscv64-gnu-0.1.70.tgz",
      "integrity": "sha512-GVUUPC8TuuFqHip0rxHkUqArQnlzmlXmTEBuXAWdgCv85zTCFH8nOHk/YCF5yo0Z2eOm8nOi90aWs0leJ4OE5Q==",
      "cpu": [
        "riscv64"
      ],
      "license": "MIT",
      "optional": true,
      "os": [
        "linux"
      ],
      "engines": {
        "node": ">= 10"
      }
    },
    "node_modules/@napi-rs/canvas-linux-x64-gnu": {
      "version": "0.1.70",
      "resolved": "https://registry.npmjs.org/@napi-rs/canvas-linux-x64-gnu/-/canvas-linux-x64-gnu-0.1.70.tgz",
      "integrity": "sha512-/kvUa2lZRwGNyfznSn5t1ShWJnr/m5acSlhTV3eXECafObjl0VBuA1HJw0QrilLpb4Fe0VLywkpD1NsMoVDROQ==",
      "cpu": [
        "x64"
      ],
      "license": "MIT",
      "optional": true,
      "os": [
        "linux"
      ],
      "engines": {
        "node": ">= 10"
      }
    },
    "node_modules/@napi-rs/canvas-linux-x64-musl": {
      "version": "0.1.70",
      "resolved": "https://registry.npmjs.org/@napi-rs/canvas-linux-x64-musl/-/canvas-linux-x64-musl-0.1.70.tgz",
      "integrity": "sha512-aqlv8MLpycoMKRmds7JWCfVwNf1fiZxaU7JwJs9/ExjTD8lX2KjsO7CTeAj5Cl4aEuzxUWbJPUUE2Qu9cZ1vfg==",
      "cpu": [
        "x64"
      ],
      "license": "MIT",
      "optional": true,
      "os": [
        "linux"
      ],
      "engines": {
        "node": ">= 10"
      }
    },
    "node_modules/@napi-rs/canvas-win32-x64-msvc": {
      "version": "0.1.70",
      "resolved": "https://registry.npmjs.org/@napi-rs/canvas-win32-x64-msvc/-/canvas-win32-x64-msvc-0.1.70.tgz",
      "integrity": "sha512-Q9QU3WIpwBTVHk4cPfBjGHGU4U0llQYRXgJtFtYqqGNEOKVN4OT6PQ+ve63xwIPODMpZ0HHyj/KLGc9CWc3EtQ==",
      "cpu": [
        "x64"
      ],
      "license": "MIT",
      "optional": true,
      "os": [
        "win32"
      ],
      "engines": {
        "node": ">= 10"
      }
    },
    "node_modules/@tokenizer/token": {
      "version": "0.3.0",
      "resolved": "https://registry.npmjs.org/@tokenizer/token/-/token-0.3.0.tgz",
      "integrity": "sha512-OvjF+z51L3ov0OyAU0duzsYuvO01PH7x4t6DJx+guahgTnBHkhJdG7soQeTSFLWN3efnHyibZ4Z8l2EuWwJN3A=="
    },
    "node_modules/@types/concat-stream": {
      "version": "2.0.3",
      "resolved": "https://registry.npmjs.org/@types/concat-stream/-/concat-stream-2.0.3.tgz",
      "integrity": "sha512-3qe4oQAPNwVNwK4C9c8u+VJqv9kez+2MR4qJpoPFfXtgxxif1QbFusvXzK0/Wra2VX07smostI2VMmJNSpZjuQ==",
      "dev": true,
      "license": "MIT",
      "dependencies": {
        "@types/node": "*"
      }
    },
    "node_modules/@types/node": {
      "version": "18.16.1",
      "resolved": "https://registry.npmjs.org/@types/node/-/node-18.16.1.tgz",
      "integrity": "sha512-DZxSZWXxFfOlx7k7Rv4LAyiMroaxa3Ly/7OOzZO8cBNho0YzAi4qlbrx8W27JGqG57IgR/6J7r+nOJWw6kcvZA==",
      "dev": true
    },
    "node_modules/@types/xmldom": {
      "version": "0.1.33",
      "resolved": "https://registry.npmjs.org/@types/xmldom/-/xmldom-0.1.33.tgz",
      "integrity": "sha512-4PH3jqYT1EK0t+bDCZl7wW2A2yM25RapZqJ8/IaFcgr0y+aOiL4QKSrEIBItBzAKlF7nG8b6FPBMi/vTzIURjw==",
      "dev": true
    },
    "node_modules/@types/yauzl": {
      "version": "2.10.3",
      "resolved": "https://registry.npmjs.org/@types/yauzl/-/yauzl-2.10.3.tgz",
      "integrity": "sha512-oJoftv0LSuaDZE3Le4DbKX+KS9G36NzOeSap90UIK0yMA/NhKJhqlSGtNDORNRaIbQfzjXDrQa0ytJ6mNRGz/Q==",
      "dev": true,
      "license": "MIT",
      "dependencies": {
        "@types/node": "*"
      }
    },
    "node_modules/@xmldom/xmldom": {
      "version": "0.8.10",
      "resolved": "https://registry.npmjs.org/@xmldom/xmldom/-/xmldom-0.8.10.tgz",
      "integrity": "sha512-2WALfTl4xo2SkGCYRt6rDTFfk9R1czmBvUQy12gK2KuRKIpWEhcbbzy8EZXtz/jkRqHX8bFEc6FC1HjX4TUWYw==",
      "engines": {
        "node": ">=10.0.0"
      }
    },
    "node_modules/buffer-crc32": {
      "version": "0.2.13",
      "resolved": "https://registry.npmjs.org/buffer-crc32/-/buffer-crc32-0.2.13.tgz",
      "integrity": "sha1-DTM+PwDqxQqhRUq9MO+MKl2ackI=",
      "engines": {
        "node": "*"
      }
    },
    "node_modules/buffer-from": {
      "version": "1.1.2",
      "resolved": "https://registry.npmjs.org/buffer-from/-/buffer-from-1.1.2.tgz",
      "integrity": "sha512-E+XQCRwSbaaiChtv6k6Dwgc+bx+Bs6vuKJHHl5kox/BaKbhiXzqQOwK4cO22yElGp2OCmjwVhT3HmxgyPGnJfQ==",
      "license": "MIT"
    },
    "node_modules/concat-stream": {
      "version": "2.0.0",
      "resolved": "https://registry.npmjs.org/concat-stream/-/concat-stream-2.0.0.tgz",
      "integrity": "sha512-MWufYdFw53ccGjCA+Ol7XJYpAlW6/prSMzuPOTRnJGcGzuhLn4Scrz7qf6o8bROZ514ltazcIFJZevcfbo0x7A==",
      "engines": [
        "node >= 6.0"
      ],
      "license": "MIT",
      "dependencies": {
        "buffer-from": "^1.0.0",
        "inherits": "^2.0.3",
        "readable-stream": "^3.0.2",
        "typedarray": "^0.0.6"
      }
    },
    "node_modules/file-type": {
      "version": "16.5.4",
      "resolved": "https://registry.npmjs.org/file-type/-/file-type-16.5.4.tgz",
      "integrity": "sha512-/yFHK0aGjFEgDJjEKP0pWCplsPFPhwyfwevf/pVxiN0tmE4L9LmwWxWukdJSHdoCli4VgQLehjJtwQBnqmsKcw==",
      "dependencies": {
        "readable-web-to-node-stream": "^3.0.0",
        "strtok3": "^6.2.4",
        "token-types": "^4.1.1"
      },
      "engines": {
        "node": ">=10"
      },
      "funding": {
        "url": "https://github.com/sindresorhus/file-type?sponsor=1"
      }
    },
    "node_modules/ieee754": {
      "version": "1.2.1",
      "resolved": "https://registry.npmjs.org/ieee754/-/ieee754-1.2.1.tgz",
      "integrity": "sha512-dcyqhDvX1C46lXZcVqCpK+FtMRQVdIMN6/Df5js2zouUsqG7I6sFxitIC+7KYK29KdXOLHdu9zL4sFnoVQnqaA==",
      "funding": [
        {
          "type": "github",
          "url": "https://github.com/sponsors/feross"
        },
        {
          "type": "patreon",
          "url": "https://www.patreon.com/feross"
        },
        {
          "type": "consulting",
          "url": "https://feross.org/support"
        }
      ]
    },
    "node_modules/inherits": {
      "version": "2.0.3",
      "resolved": "https://registry.npmjs.org/inherits/-/inherits-2.0.3.tgz",
      "integrity": "sha1-Yzwsg+PaQqUC9SRmAiSA9CCCYd4="
    },
    "node_modules/node-ensure": {
      "version": "0.0.0",
      "resolved": "https://registry.npmjs.org/node-ensure/-/node-ensure-0.0.0.tgz",
      "integrity": "sha512-DRI60hzo2oKN1ma0ckc6nQWlHU69RH6xN0sjQTjMpChPfTYvKZdcQFfdYK2RWbJcKyUizSIy/l8OTGxMAM1QDw=="
    },
    "node_modules/pdfjs-dist": {
      "version": "5.3.31",
      "resolved": "https://registry.npmjs.org/pdfjs-dist/-/pdfjs-dist-5.3.31.tgz",
      "integrity": "sha512-EhPdIjNX0fcdwYQO+e3BAAJPXt+XI29TZWC7COhIXs/K0JHcUt1Gdz1ITpebTwVMFiLsukdUZ3u0oTO7jij+VA==",
      "license": "Apache-2.0",
      "engines": {
        "node": ">=20.16.0 || >=22.3.0"
      },
      "optionalDependencies": {
        "@napi-rs/canvas": "^0.1.67"
      }
    },
    "node_modules/peek-readable": {
      "version": "4.1.0",
      "resolved": "https://registry.npmjs.org/peek-readable/-/peek-readable-4.1.0.tgz",
      "integrity": "sha512-ZI3LnwUv5nOGbQzD9c2iDG6toheuXSZP5esSHBjopsXH4dg19soufvpUGA3uohi5anFtGb2lhAVdHzH6R/Evvg==",
      "engines": {
        "node": ">=8"
      },
      "funding": {
        "type": "github",
        "url": "https://github.com/sponsors/Borewit"
      }
    },
    "node_modules/pend": {
      "version": "1.2.0",
      "resolved": "https://registry.npmjs.org/pend/-/pend-1.2.0.tgz",
      "integrity": "sha512-F3asv42UuXchdzt+xXqfW1OGlVBe+mxa2mqI0pg5yAHZPvFmY3Y6drSf/GQ1A86WgWEN9Kzh/WrgKa6iGcHXLg==",
      "license": "MIT"
    },
    "node_modules/readable-stream": {
      "version": "3.6.2",
      "resolved": "https://registry.npmjs.org/readable-stream/-/readable-stream-3.6.2.tgz",
      "integrity": "sha512-9u/sniCrY3D5WdsERHzHE4G2YCXqoG5FTHUiCC4SIbr6XcLZBY05ya9EKjYek9O5xOAwjGq+1JdGBAS7Q9ScoA==",
      "license": "MIT",
      "dependencies": {
        "inherits": "^2.0.3",
        "string_decoder": "^1.1.1",
        "util-deprecate": "^1.0.1"
      },
      "engines": {
        "node": ">= 6"
      }
    },
    "node_modules/readable-web-to-node-stream": {
      "version": "3.0.2",
      "resolved": "https://registry.npmjs.org/readable-web-to-node-stream/-/readable-web-to-node-stream-3.0.2.tgz",
      "integrity": "sha512-ePeK6cc1EcKLEhJFt/AebMCLL+GgSKhuygrZ/GLaKZYEecIgIECf4UaUuaByiGtzckwR4ain9VzUh95T1exYGw==",
      "dependencies": {
        "readable-stream": "^3.6.0"
      },
      "engines": {
        "node": ">=8"
      },
      "funding": {
        "type": "github",
        "url": "https://github.com/sponsors/Borewit"
      }
    },
    "node_modules/string_decoder": {
      "version": "1.1.1",
      "resolved": "https://registry.npmjs.org/string_decoder/-/string_decoder-1.1.1.tgz",
      "integrity": "sha512-n/ShnvDi6FHbbVfviro+WojiFzv+s8MPMHBczVePfUpDJLwoLT0ht1l4YwBCbi8pJAveEEdnkHyPyTP/mzRfwg==",
      "dependencies": {
        "safe-buffer": "~5.1.0"
      }
    },
    "node_modules/string_decoder/node_modules/safe-buffer": {
      "version": "5.1.2",
      "resolved": "https://registry.npmjs.org/safe-buffer/-/safe-buffer-5.1.2.tgz",
      "integrity": "sha512-Gd2UZBJDkXlY7GbJxfsE8/nvKkUEU1G38c1siN6QP6a9PT9MmHB8GnpscSmMJSoF8LOIrt8ud/wPtojys4G6+g=="
    },
    "node_modules/strtok3": {
      "version": "6.3.0",
      "resolved": "https://registry.npmjs.org/strtok3/-/strtok3-6.3.0.tgz",
      "integrity": "sha512-fZtbhtvI9I48xDSywd/somNqgUHl2L2cstmXCCif0itOf96jeW18MBSyrLuNicYQVkvpOxkZtkzujiTJ9LW5Jw==",
      "dependencies": {
        "@tokenizer/token": "^0.3.0",
        "peek-readable": "^4.1.0"
      },
      "engines": {
        "node": ">=10"
      },
      "funding": {
        "type": "github",
        "url": "https://github.com/sponsors/Borewit"
      }
    },
    "node_modules/token-types": {
      "version": "4.2.1",
      "resolved": "https://registry.npmjs.org/token-types/-/token-types-4.2.1.tgz",
      "integrity": "sha512-6udB24Q737UD/SDsKAHI9FCRP7Bqc9D/MQUV02ORQg5iskjtLJlZJNdN4kKtcdtwCeWIwIHDGaUsTsCCAa8sFQ==",
      "dependencies": {
        "@tokenizer/token": "^0.3.0",
        "ieee754": "^1.2.1"
      },
      "engines": {
        "node": ">=10"
      },
      "funding": {
        "type": "github",
        "url": "https://github.com/sponsors/Borewit"
      }
    },
    "node_modules/typedarray": {
      "version": "0.0.6",
      "resolved": "https://registry.npmjs.org/typedarray/-/typedarray-0.0.6.tgz",
      "integrity": "sha512-/aCDEGatGvZ2BIk+HmLf4ifCJFwvKFNb9/JeZPMulfgFracn9QFcAf5GO8B/mweUjSoblS5In0cWhqpfs/5PQA==",
      "license": "MIT"
    },
    "node_modules/typescript": {
      "version": "5.0.3",
      "resolved": "https://registry.npmjs.org/typescript/-/typescript-5.0.3.tgz",
      "integrity": "sha512-xv8mOEDnigb/tN9PSMTwSEqAnUvkoXMQlicOb0IUVDBSQCgBSaAAROUZYy2IcUy5qU6XajK5jjjO7TMWqBTKZA==",
      "dev": true,
      "bin": {
        "tsc": "bin/tsc",
        "tsserver": "bin/tsserver"
      },
      "engines": {
        "node": ">=12.20"
      }
    },
    "node_modules/util-deprecate": {
      "version": "1.0.2",
      "resolved": "https://registry.npmjs.org/util-deprecate/-/util-deprecate-1.0.2.tgz",
      "integrity": "sha1-RQ1Nyfpw3nMnYvvS1KKJgUGaDM8="
    },
    "node_modules/yauzl": {
      "version": "3.1.3",
      "resolved": "https://registry.npmjs.org/yauzl/-/yauzl-3.1.3.tgz",
      "integrity": "sha512-JCCdmlJJWv7L0q/KylOekyRaUrdEoUxWkWVcgorosTROCFWiS9p2NNPE9Yb91ak7b1N5SxAZEliWpspbZccivw==",
      "license": "MIT",
      "dependencies": {
        "buffer-crc32": "~0.2.3",
        "pend": "~1.2.0"
      },
      "engines": {
        "node": ">=12"
      }
    }
  },
  "dependencies": {
    "@napi-rs/canvas": {
      "version": "0.1.70",
      "resolved": "https://registry.npmjs.org/@napi-rs/canvas/-/canvas-0.1.70.tgz",
      "integrity": "sha512-nD6NGa4JbNYSZYsTnLGrqe9Kn/lCkA4ybXt8sx5ojDqZjr2i0TWAHxx/vhgfjX+i3hCdKWufxYwi7CfXqtITSA==",
      "optional": true,
      "requires": {
        "@napi-rs/canvas-android-arm64": "0.1.70",
        "@napi-rs/canvas-darwin-arm64": "0.1.70",
        "@napi-rs/canvas-darwin-x64": "0.1.70",
        "@napi-rs/canvas-linux-arm-gnueabihf": "0.1.70",
        "@napi-rs/canvas-linux-arm64-gnu": "0.1.70",
        "@napi-rs/canvas-linux-arm64-musl": "0.1.70",
        "@napi-rs/canvas-linux-riscv64-gnu": "0.1.70",
        "@napi-rs/canvas-linux-x64-gnu": "0.1.70",
        "@napi-rs/canvas-linux-x64-musl": "0.1.70",
        "@napi-rs/canvas-win32-x64-msvc": "0.1.70"
      }
    },
    "@napi-rs/canvas-android-arm64": {
      "version": "0.1.70",
      "resolved": "https://registry.npmjs.org/@napi-rs/canvas-android-arm64/-/canvas-android-arm64-0.1.70.tgz",
      "integrity": "sha512-I/YOuQ0wbkVYxVaYtCgN42WKTYxNqFA0gTcTrHIGG1jfpDSyZWII/uHcjOo4nzd19io6Y4+/BqP8E5hJgf9OmQ==",
      "optional": true
    },
    "@napi-rs/canvas-darwin-arm64": {
      "version": "0.1.70",
      "resolved": "https://registry.npmjs.org/@napi-rs/canvas-darwin-arm64/-/canvas-darwin-arm64-0.1.70.tgz",
      "integrity": "sha512-4pPGyXetHIHkw2TOJHujt3mkCP8LdDu8+CT15ld9Id39c752RcI0amDHSuMLMQfAjvusA9B5kKxazwjMGjEJpQ==",
      "optional": true
    },
    "@napi-rs/canvas-darwin-x64": {
      "version": "0.1.70",
      "resolved": "https://registry.npmjs.org/@napi-rs/canvas-darwin-x64/-/canvas-darwin-x64-0.1.70.tgz",
      "integrity": "sha512-+2N6Os9LbkmDMHL+raknrUcLQhsXzc5CSXRbXws9C3pv/mjHRVszQ9dhFUUe9FjfPhCJznO6USVdwOtu7pOrzQ==",
      "optional": true
    },
    "@napi-rs/canvas-linux-arm-gnueabihf": {
      "version": "0.1.70",
      "resolved": "https://registry.npmjs.org/@napi-rs/canvas-linux-arm-gnueabihf/-/canvas-linux-arm-gnueabihf-0.1.70.tgz",
      "integrity": "sha512-QjscX9OaKq/990sVhSMj581xuqLgiaPVMjjYvWaCmAJRkNQ004QfoSMEm3FoTqM4DRoquP8jvuEXScVJsc1rqQ==",
      "optional": true
    },
    "@napi-rs/canvas-linux-arm64-gnu": {
      "version": "0.1.70",
      "resolved": "https://registry.npmjs.org/@napi-rs/canvas-linux-arm64-gnu/-/canvas-linux-arm64-gnu-0.1.70.tgz",
      "integrity": "sha512-LNakMOwwqwiHIwMpnMAbFRczQMQ7TkkMyATqFCOtUJNlE6LPP/QiUj/mlFrNbUn/hctqShJ60gWEb52ZTALbVw==",
      "optional": true
    },
    "@napi-rs/canvas-linux-arm64-musl": {
      "version": "0.1.70",
      "resolved": "https://registry.npmjs.org/@napi-rs/canvas-linux-arm64-musl/-/canvas-linux-arm64-musl-0.1.70.tgz",
      "integrity": "sha512-wBTOllEYNfJCHOdZj9v8gLzZ4oY3oyPX8MSRvaxPm/s7RfEXxCyZ8OhJ5xAyicsDdbE5YBZqdmaaeP5+xKxvtg==",
      "optional": true
    },
    "@napi-rs/canvas-linux-riscv64-gnu": {
      "version": "0.1.70",
      "resolved": "https://registry.npmjs.org/@napi-rs/canvas-linux-riscv64-gnu/-/canvas-linux-riscv64-gnu-0.1.70.tgz",
      "integrity": "sha512-GVUUPC8TuuFqHip0rxHkUqArQnlzmlXmTEBuXAWdgCv85zTCFH8nOHk/YCF5yo0Z2eOm8nOi90aWs0leJ4OE5Q==",
      "optional": true
    },
    "@napi-rs/canvas-linux-x64-gnu": {
      "version": "0.1.70",
      "resolved": "https://registry.npmjs.org/@napi-rs/canvas-linux-x64-gnu/-/canvas-linux-x64-gnu-0.1.70.tgz",
      "integrity": "sha512-/kvUa2lZRwGNyfznSn5t1ShWJnr/m5acSlhTV3eXECafObjl0VBuA1HJw0QrilLpb4Fe0VLywkpD1NsMoVDROQ==",
      "optional": true
    },
    "@napi-rs/canvas-linux-x64-musl": {
      "version": "0.1.70",
      "resolved": "https://registry.npmjs.org/@napi-rs/canvas-linux-x64-musl/-/canvas-linux-x64-musl-0.1.70.tgz",
      "integrity": "sha512-aqlv8MLpycoMKRmds7JWCfVwNf1fiZxaU7JwJs9/ExjTD8lX2KjsO7CTeAj5Cl4aEuzxUWbJPUUE2Qu9cZ1vfg==",
      "optional": true
    },
    "@napi-rs/canvas-win32-x64-msvc": {
      "version": "0.1.70",
      "resolved": "https://registry.npmjs.org/@napi-rs/canvas-win32-x64-msvc/-/canvas-win32-x64-msvc-0.1.70.tgz",
      "integrity": "sha512-Q9QU3WIpwBTVHk4cPfBjGHGU4U0llQYRXgJtFtYqqGNEOKVN4OT6PQ+ve63xwIPODMpZ0HHyj/KLGc9CWc3EtQ==",
      "optional": true
    },
    "@tokenizer/token": {
      "version": "0.3.0",
      "resolved": "https://registry.npmjs.org/@tokenizer/token/-/token-0.3.0.tgz",
      "integrity": "sha512-OvjF+z51L3ov0OyAU0duzsYuvO01PH7x4t6DJx+guahgTnBHkhJdG7soQeTSFLWN3efnHyibZ4Z8l2EuWwJN3A=="
    },
    "@types/concat-stream": {
      "version": "2.0.3",
      "resolved": "https://registry.npmjs.org/@types/concat-stream/-/concat-stream-2.0.3.tgz",
      "integrity": "sha512-3qe4oQAPNwVNwK4C9c8u+VJqv9kez+2MR4qJpoPFfXtgxxif1QbFusvXzK0/Wra2VX07smostI2VMmJNSpZjuQ==",
      "dev": true,
      "requires": {
        "@types/node": "*"
      }
    },
    "@types/node": {
      "version": "18.16.1",
      "resolved": "https://registry.npmjs.org/@types/node/-/node-18.16.1.tgz",
      "integrity": "sha512-DZxSZWXxFfOlx7k7Rv4LAyiMroaxa3Ly/7OOzZO8cBNho0YzAi4qlbrx8W27JGqG57IgR/6J7r+nOJWw6kcvZA==",
      "dev": true
    },
    "@types/xmldom": {
      "version": "0.1.33",
      "resolved": "https://registry.npmjs.org/@types/xmldom/-/xmldom-0.1.33.tgz",
      "integrity": "sha512-4PH3jqYT1EK0t+bDCZl7wW2A2yM25RapZqJ8/IaFcgr0y+aOiL4QKSrEIBItBzAKlF7nG8b6FPBMi/vTzIURjw==",
      "dev": true
    },
    "@types/yauzl": {
      "version": "2.10.3",
      "resolved": "https://registry.npmjs.org/@types/yauzl/-/yauzl-2.10.3.tgz",
      "integrity": "sha512-oJoftv0LSuaDZE3Le4DbKX+KS9G36NzOeSap90UIK0yMA/NhKJhqlSGtNDORNRaIbQfzjXDrQa0ytJ6mNRGz/Q==",
      "dev": true,
      "requires": {
        "@types/node": "*"
      }
    },
    "@xmldom/xmldom": {
      "version": "0.8.10",
      "resolved": "https://registry.npmjs.org/@xmldom/xmldom/-/xmldom-0.8.10.tgz",
      "integrity": "sha512-2WALfTl4xo2SkGCYRt6rDTFfk9R1czmBvUQy12gK2KuRKIpWEhcbbzy8EZXtz/jkRqHX8bFEc6FC1HjX4TUWYw=="
    },
    "buffer-crc32": {
      "version": "0.2.13",
      "resolved": "https://registry.npmjs.org/buffer-crc32/-/buffer-crc32-0.2.13.tgz",
      "integrity": "sha1-DTM+PwDqxQqhRUq9MO+MKl2ackI="
    },
    "buffer-from": {
      "version": "1.1.2",
      "resolved": "https://registry.npmjs.org/buffer-from/-/buffer-from-1.1.2.tgz",
      "integrity": "sha512-E+XQCRwSbaaiChtv6k6Dwgc+bx+Bs6vuKJHHl5kox/BaKbhiXzqQOwK4cO22yElGp2OCmjwVhT3HmxgyPGnJfQ=="
    },
    "concat-stream": {
      "version": "2.0.0",
      "resolved": "https://registry.npmjs.org/concat-stream/-/concat-stream-2.0.0.tgz",
      "integrity": "sha512-MWufYdFw53ccGjCA+Ol7XJYpAlW6/prSMzuPOTRnJGcGzuhLn4Scrz7qf6o8bROZ514ltazcIFJZevcfbo0x7A==",
      "requires": {
        "buffer-from": "^1.0.0",
        "inherits": "^2.0.3",
        "readable-stream": "^3.0.2",
        "typedarray": "^0.0.6"
      }
    },
    "file-type": {
      "version": "16.5.4",
      "resolved": "https://registry.npmjs.org/file-type/-/file-type-16.5.4.tgz",
      "integrity": "sha512-/yFHK0aGjFEgDJjEKP0pWCplsPFPhwyfwevf/pVxiN0tmE4L9LmwWxWukdJSHdoCli4VgQLehjJtwQBnqmsKcw==",
      "requires": {
        "readable-web-to-node-stream": "^3.0.0",
        "strtok3": "^6.2.4",
        "token-types": "^4.1.1"
      }
    },
    "ieee754": {
      "version": "1.2.1",
      "resolved": "https://registry.npmjs.org/ieee754/-/ieee754-1.2.1.tgz",
      "integrity": "sha512-dcyqhDvX1C46lXZcVqCpK+FtMRQVdIMN6/Df5js2zouUsqG7I6sFxitIC+7KYK29KdXOLHdu9zL4sFnoVQnqaA=="
    },
    "inherits": {
      "version": "2.0.3",
      "resolved": "https://registry.npmjs.org/inherits/-/inherits-2.0.3.tgz",
      "integrity": "sha1-Yzwsg+PaQqUC9SRmAiSA9CCCYd4="
    },
    "node-ensure": {
      "version": "0.0.0",
      "resolved": "https://registry.npmjs.org/node-ensure/-/node-ensure-0.0.0.tgz",
      "integrity": "sha512-DRI60hzo2oKN1ma0ckc6nQWlHU69RH6xN0sjQTjMpChPfTYvKZdcQFfdYK2RWbJcKyUizSIy/l8OTGxMAM1QDw=="
    },
    "pdfjs-dist": {
      "version": "5.3.31",
      "resolved": "https://registry.npmjs.org/pdfjs-dist/-/pdfjs-dist-5.3.31.tgz",
      "integrity": "sha512-EhPdIjNX0fcdwYQO+e3BAAJPXt+XI29TZWC7COhIXs/K0JHcUt1Gdz1ITpebTwVMFiLsukdUZ3u0oTO7jij+VA==",
      "requires": {
        "@napi-rs/canvas": "^0.1.67"
      }
    },
    "peek-readable": {
      "version": "4.1.0",
      "resolved": "https://registry.npmjs.org/peek-readable/-/peek-readable-4.1.0.tgz",
      "integrity": "sha512-ZI3LnwUv5nOGbQzD9c2iDG6toheuXSZP5esSHBjopsXH4dg19soufvpUGA3uohi5anFtGb2lhAVdHzH6R/Evvg=="
    },
    "pend": {
      "version": "1.2.0",
      "resolved": "https://registry.npmjs.org/pend/-/pend-1.2.0.tgz",
      "integrity": "sha512-F3asv42UuXchdzt+xXqfW1OGlVBe+mxa2mqI0pg5yAHZPvFmY3Y6drSf/GQ1A86WgWEN9Kzh/WrgKa6iGcHXLg=="
    },
    "readable-stream": {
      "version": "3.6.2",
      "resolved": "https://registry.npmjs.org/readable-stream/-/readable-stream-3.6.2.tgz",
      "integrity": "sha512-9u/sniCrY3D5WdsERHzHE4G2YCXqoG5FTHUiCC4SIbr6XcLZBY05ya9EKjYek9O5xOAwjGq+1JdGBAS7Q9ScoA==",
      "requires": {
        "inherits": "^2.0.3",
        "string_decoder": "^1.1.1",
        "util-deprecate": "^1.0.1"
      }
    },
    "readable-web-to-node-stream": {
      "version": "3.0.2",
      "resolved": "https://registry.npmjs.org/readable-web-to-node-stream/-/readable-web-to-node-stream-3.0.2.tgz",
      "integrity": "sha512-ePeK6cc1EcKLEhJFt/AebMCLL+GgSKhuygrZ/GLaKZYEecIgIECf4UaUuaByiGtzckwR4ain9VzUh95T1exYGw==",
      "requires": {
        "readable-stream": "^3.6.0"
      }
    },
    "string_decoder": {
      "version": "1.1.1",
      "resolved": "https://registry.npmjs.org/string_decoder/-/string_decoder-1.1.1.tgz",
      "integrity": "sha512-n/ShnvDi6FHbbVfviro+WojiFzv+s8MPMHBczVePfUpDJLwoLT0ht1l4YwBCbi8pJAveEEdnkHyPyTP/mzRfwg==",
      "requires": {
        "safe-buffer": "~5.1.0"
      },
      "dependencies": {
        "safe-buffer": {
          "version": "5.1.2",
          "resolved": "https://registry.npmjs.org/safe-buffer/-/safe-buffer-5.1.2.tgz",
          "integrity": "sha512-Gd2UZBJDkXlY7GbJxfsE8/nvKkUEU1G38c1siN6QP6a9PT9MmHB8GnpscSmMJSoF8LOIrt8ud/wPtojys4G6+g=="
        }
      }
    },
    "strtok3": {
      "version": "6.3.0",
      "resolved": "https://registry.npmjs.org/strtok3/-/strtok3-6.3.0.tgz",
      "integrity": "sha512-fZtbhtvI9I48xDSywd/somNqgUHl2L2cstmXCCif0itOf96jeW18MBSyrLuNicYQVkvpOxkZtkzujiTJ9LW5Jw==",
      "requires": {
        "@tokenizer/token": "^0.3.0",
        "peek-readable": "^4.1.0"
      }
    },
    "token-types": {
      "version": "4.2.1",
      "resolved": "https://registry.npmjs.org/token-types/-/token-types-4.2.1.tgz",
      "integrity": "sha512-6udB24Q737UD/SDsKAHI9FCRP7Bqc9D/MQUV02ORQg5iskjtLJlZJNdN4kKtcdtwCeWIwIHDGaUsTsCCAa8sFQ==",
      "requires": {
        "@tokenizer/token": "^0.3.0",
        "ieee754": "^1.2.1"
      }
    },
    "typedarray": {
      "version": "0.0.6",
      "resolved": "https://registry.npmjs.org/typedarray/-/typedarray-0.0.6.tgz",
      "integrity": "sha512-/aCDEGatGvZ2BIk+HmLf4ifCJFwvKFNb9/JeZPMulfgFracn9QFcAf5GO8B/mweUjSoblS5In0cWhqpfs/5PQA=="
    },
    "typescript": {
      "version": "5.0.3",
      "resolved": "https://registry.npmjs.org/typescript/-/typescript-5.0.3.tgz",
      "integrity": "sha512-xv8mOEDnigb/tN9PSMTwSEqAnUvkoXMQlicOb0IUVDBSQCgBSaAAROUZYy2IcUy5qU6XajK5jjjO7TMWqBTKZA==",
      "dev": true
    },
    "util-deprecate": {
      "version": "1.0.2",
      "resolved": "https://registry.npmjs.org/util-deprecate/-/util-deprecate-1.0.2.tgz",
      "integrity": "sha1-RQ1Nyfpw3nMnYvvS1KKJgUGaDM8="
    },
    "yauzl": {
      "version": "3.1.3",
      "resolved": "https://registry.npmjs.org/yauzl/-/yauzl-3.1.3.tgz",
      "integrity": "sha512-JCCdmlJJWv7L0q/KylOekyRaUrdEoUxWkWVcgorosTROCFWiS9p2NNPE9Yb91ak7b1N5SxAZEliWpspbZccivw==",
      "requires": {
        "buffer-crc32": "~0.2.3",
        "pend": "~1.2.0"
      }
    }
  }
}
